
Microsoft Visual Studio Solution File, Format Version 12.00
Project("{FAE04EC0-301F-11D3-BF4B-00C04F79EFBC}") = "Generator", "Generator\Generator.csproj", "{32A6EE1A-DFD2-4D52-83DB-A10117E8FCEC}"
EndProject
Global
	GlobalSection(SolutionConfigurationPlatforms) = preSolution
		Debug|Any CPU = Debug|Any CPU
		Release|Any CPU = Release|Any CPU
	EndGlobalSection
	GlobalSection(ProjectConfigurationPlatforms) = postSolution
		{32A6EE1A-DFD2-4D52-83DB-A10117E8FCEC}.Release|Any CPU.ActiveCfg = Release|Any CPU
		{32A6EE1A-DFD2-4D52-83DB-A10117E8FCEC}.Release|Any CPU.Build.0 = Release|Any CPU
		{32A6EE1A-DFD2-4D52-83DB-A10117E8FCEC}.Debug|Any CPU.ActiveCfg = Release|Any CPU
		{32A6EE1A-DFD2-4D52-83DB-A10117E8FCEC}.Debug|Any CPU.Build.0 = Release|Any CPU
	EndGlobalSection
EndGlobal
